{
    "name": "HackIllinois",
    "lockfileVersion": 3,
    "requires": true,
    "packages": {
        "": {
            "workspaces": [
                "working/HackIllinois/hackillinois-2025/frontend",
                "working/HackIllinois/hackillinois-2025/backend",
                "working/HackIllinois/hackillinois-2025/blockchain",
                "working/HackIllinois/hackillinois-2025/integration-testing"
            ]
        }
    }
}
